
Microsoft Visual Studio Solution File, Format Version 12.00
# Visual Studio 15
VisualStudioVersion = 15.0.26730.10
MinimumVisualStudioVersion = 10.0.40219.1
Project("{FAE04EC0-301F-11D3-BF4B-00C04F79EFBC}") = "TcpServer", "TcpServer\TcpServer.csproj", "{06287099-A809-44E7-BF6E-9D429CCBF801}"
EndProject
Project("{FAE04EC0-301F-11D3-BF4B-00C04F79EFBC}") = "TcpClient", "TcpClient\TcpClient.csproj", "{5A6210EA-A18F-438F-A708-F0FB45179B88}"
EndProject
Global
	GlobalSection(SolutionConfigurationPlatforms) = preSolution
		Debug|Any CPU = Debug|Any CPU
		Release|Any CPU = Release|Any CPU
	EndGlobalSection
	GlobalSection(ProjectConfigurationPlatforms) = postSolution
		{06287099-A809-44E7-BF6E-9D429CCBF801}.Debug|Any CPU.ActiveCfg = Debug|Any CPU
		{06287099-A809-44E7-BF6E-9D429CCBF801}.Debug|Any CPU.Build.0 = Debug|Any CPU
		{06287099-A809-44E7-BF6E-9D429CCBF801}.Release|Any CPU.ActiveCfg = Release|Any CPU
		{06287099-A809-44E7-BF6E-9D429CCBF801}.Release|Any CPU.Build.0 = Release|Any CPU
		{5A6210EA-A18F-438F-A708-F0FB45179B88}.Debug|Any CPU.ActiveCfg = Debug|Any CPU
		{5A6210EA-A18F-438F-A708-F0FB45179B88}.Debug|Any CPU.Build.0 = Debug|Any CPU
		{5A6210EA-A18F-438F-A708-F0FB45179B88}.Release|Any CPU.ActiveCfg = Release|Any CPU
		{5A6210EA-A18F-438F-A708-F0FB45179B88}.Release|Any CPU.Build.0 = Release|Any CPU
	EndGlobalSection
	GlobalSection(SolutionProperties) = preSolution
		HideSolutionNode = FALSE
	EndGlobalSection
	GlobalSection(ExtensibilityGlobals) = postSolution
		SolutionGuid = {D6B71571-DCBB-4EDF-8180-05D28BF349EC}
	EndGlobalSection
EndGlobal
